// !$*UTF8*$!
{
	archiveVersion = 1;
	classes = {
	};
	objectVersion = 56;
	objects = {

/* Begin PBXBuildFile section */
		20E542A72BE821F200CD7E52 /* NewDragDropApp.swift in Sources */ = {isa = PBXBuildFile; fileRef = 20E542A62BE821F200CD7E52 /* NewDragDropApp.swift */; };
		20E542A92BE821F200CD7E52 /* ContentView.swift in Sources */ = {isa = PBXBuildFile; fileRef = 20E542A82BE821F200CD7E52 /* ContentView.swift */; };
		20E542AB2BE821F300CD7E52 /* Assets.xcassets in Resources */ = {isa = PBXBuildFile; fileRef = 20E542AA2BE821F300CD7E52 /* Assets.xcassets */; };
		20E542AF2BE821F300CD7E52 /* Preview Assets.xcassets in Resources */ = {isa = PBXBuildFile; fileRef = 20E542AE2BE821F300CD7E52 /* Preview Assets.xcassets */; };
		20E542B92BE821F300CD7E52 /* NewDragDropTests.swift in Sources */ = {isa = PBXBuildFile; fileRef = 20E542B82BE821F300CD7E52 /* NewDragDropTests.swift */; };
		20E542C32BE821F300CD7E52 /* NewDragDropUITests.swift in Sources */ = {isa = PBXBuildFile; fileRef = 20E542C22BE821F300CD7E52 /* NewDragDropUITests.swift */; };
		20E542C52BE821F300CD7E52 /* NewDragDropUITestsLaunchTests.swift in Sources */ = {isa = PBXBuildFile; fileRef = 20E542C42BE821F300CD7E52 /* NewDragDropUITestsLaunchTests.swift */; };
/* End PBXBuildFile section */

/* Begin PBXContainerItemProxy section */
		20E542B52BE821F300CD7E52 /* PBXContainerItemProxy */ = {
			isa = PBXContainerItemProxy;
			containerPortal = 20E5429B2BE821F200CD7E52 /* Project object */;
			proxyType = 1;
			remoteGlobalIDString = 20E542A22BE821F200CD7E52;
			remoteInfo = NewDragDrop;
		};
		20E542BF2BE821F300CD7E52 /* PBXContainerItemProxy */ = {
			isa = PBXContainerItemProxy;
			containerPortal = 20E5429B2BE821F200CD7E52 /* Project object */;
			proxyType = 1;
			remoteGlobalIDString = 20E542A22BE821F200CD7E52;
			remoteInfo = NewDragDrop;
		};
/* End PBXContainerItemProxy section */

/* Begin PBXFileReference section */
		20E542A32BE821F200CD7E52 /* NewDragDrop.app */ = {isa = PBXFileReference; explicitFileType = wrapper.application; includeInIndex = 0; path = NewDragDrop.app; sourceTree = BUILT_PRODUCTS_DIR; };
		20E542A62BE821F200CD7E52 /* NewDragDropApp.swift */ = {isa = PBXFileReference; lastKnownFileType = sourcecode.swift; path = NewDragDropApp.swift; sourceTree = "<group>"; };
		20E542A82BE821F200CD7E52 /* ContentView.swift */ = {isa = PBXFileReference; lastKnownFileType = sourcecode.swift; path = ContentView.swift; sourceTree = "<group>"; };
		20E542AA2BE821F300CD7E52 /* Assets.xcassets */ = {isa = PBXFileReference; lastKnownFileType = folder.assetcatalog; path = Assets.xcassets; sourceTree = "<group>"; };
		20E542AC2BE821F300CD7E52 /* NewDragDrop.entitlements */ = {isa = PBXFileReference; lastKnownFileType = text.plist.entitlements; path = NewDragDrop.entitlements; sourceTree = "<group>"; };
		20E542AE2BE821F300CD7E52 /* Preview Assets.xcassets */ = {isa = PBXFileReference; lastKnownFileType = folder.assetcatalog; path = "Preview Assets.xcassets"; sourceTree = "<group>"; };
		20E542B42BE821F300CD7E52 /* NewDragDropTests.xctest */ = {isa = PBXFileReference; explicitFileType = wrapper.cfbundle; includeInIndex = 0; path = NewDragDropTests.xctest; sourceTree = BUILT_PRODUCTS_DIR; };
		20E542B82BE821F300CD7E52 /* NewDragDropTests.swift */ = {isa = PBXFileReference; lastKnownFileType = sourcecode.swift; path = NewDragDropTests.swift; sourceTree = "<group>"; };
		20E542BE2BE821F300CD7E52 /* NewDragDropUITests.xctest */ = {isa = PBXFileReference; explicitFileType = wrapper.cfbundle; includeInIndex = 0; path = NewDragDropUITests.xctest; sourceTree = BUILT_PRODUCTS_DIR; };
		20E542C22BE821F300CD7E52 /* NewDragDropUITests.swift */ = {isa = PBXFileReference; lastKnownFileType = sourcecode.swift; path = NewDragDropUITests.swift; sourceTree = "<group>"; };
		20E542C42BE821F300CD7E52 /* NewDragDropUITestsLaunchTests.swift */ = {isa = PBXFileReference; lastKnownFileType = sourcecode.swift; path = NewDragDropUITestsLaunchTests.swift; sourceTree = "<group>"; };
/* End PBXFileReference section */

/* Begin PBXFrameworksBuildPhase section */
		20E542A02BE821F200CD7E52 /* Frameworks */ = {
			isa = PBXFrameworksBuildPhase;
			buildActionMask = 2147483647;
			files = (
			);
			runOnlyForDeploymentPostprocessing = 0;
		};
		20E542B12BE821F300CD7E52 /* Frameworks */ = {
			isa = PBXFrameworksBuildPhase;
			buildActionMask = 2147483647;
			files = (
			);
			runOnlyForDeploymentPostprocessing = 0;
		};
		20E542BB2BE821F300CD7E52 /* Frameworks */ = {
			isa = PBXFrameworksBuildPhase;
			buildActionMask = 2147483647;
			files = (
			);
			runOnlyForDeploymentPostprocessing = 0;
		};
/* End PBXFrameworksBuildPhase section */

/* Begin PBXGroup section */
		20E5429A2BE821F200CD7E52 = {
			isa = PBXGroup;
			children = (
				20E542A52BE821F200CD7E52 /* NewDragDrop */,
				20E542B72BE821F300CD7E52 /* NewDragDropTests */,
				20E542C12BE821F300CD7E52 /* NewDragDropUITests */,
				20E542A42BE821F200CD7E52 /* Products */,
			);
			sourceTree = "<group>";
		};
		20E542A42BE821F200CD7E52 /* Products */ = {
			isa = PBXGroup;
			children = (
				20E542A32BE821F200CD7E52 /* NewDragDrop.app */,
				20E542B42BE821F300CD7E52 /* NewDragDropTests.xctest */,
				20E542BE2BE821F300CD7E52 /* NewDragDropUITests.xctest */,
			);
			name = Products;
			sourceTree = "<group>";
		};
		20E542A52BE821F200CD7E52 /* NewDragDrop */ = {
			isa = PBXGroup;
			children = (
				20E542A62BE821F200CD7E52 /* NewDragDropApp.swift */,
				20E542A82BE821F200CD7E52 /* ContentView.swift */,
				20E542AA2BE821F300CD7E52 /* Assets.xcassets */,
				20E542AC2BE821F300CD7E52 /* NewDragDrop.entitlements */,
				20E542AD2BE821F300CD7E52 /* Preview Content */,
			);
			path = NewDragDrop;
			sourceTree = "<group>";
		};
		20E542AD2BE821F300CD7E52 /* Preview Content */ = {
			isa = PBXGroup;
			children = (
				20E542AE2BE821F300CD7E52 /* Preview Assets.xcassets */,
			);
			path = "Preview Content";
			sourceTree = "<group>";
		};
		20E542B72BE821F300CD7E52 /* NewDragDropTests */ = {
			isa = PBXGroup;
			children = (
				20E542B82BE821F300CD7E52 /* NewDragDropTests.swift */,
			);
			path = NewDragDropTests;
			sourceTree = "<group>";
		};
		20E542C12BE821F300CD7E52 /* NewDragDropUITests */ = {
			isa = PBXGroup;
			children = (
				20E542C22BE821F300CD7E52 /* NewDragDropUITests.swift */,
				20E542C42BE821F300CD7E52 /* NewDragDropUITestsLaunchTests.swift */,
			);
			path = NewDragDropUITests;
			sourceTree = "<group>";
		};
/* End PBXGroup section */

/* Begin PBXNativeTarget section */
		20E542A22BE821F200CD7E52 /* NewDragDrop */ = {
			isa = PBXNativeTarget;
			buildConfigurationList = 20E542C82BE821F300CD7E52 /* Build configuration list for PBXNativeTarget "NewDragDrop" */;
			buildPhases = (
				20E5429F2BE821F200CD7E52 /* Sources */,
				20E542A02BE821F200CD7E52 /* Frameworks */,
				20E542A12BE821F200CD7E52 /* Resources */,
			);
			buildRules = (
			);
			dependencies = (
			);
			name = NewDragDrop;
			productName = NewDragDrop;
			productReference = 20E542A32BE821F200CD7E52 /* NewDragDrop.app */;
			productType = "com.apple.product-type.application";
		};
		20E542B32BE821F300CD7E52 /* NewDragDropTests */ = {
			isa = PBXNativeTarget;
			buildConfigurationList = 20E542CB2BE821F300CD7E52 /* Build configuration list for PBXNativeTarget "NewDragDropTests" */;
			buildPhases = (
				20E542B02BE821F300CD7E52 /* Sources */,
				20E542B12BE821F300CD7E52 /* Frameworks */,
				20E542B22BE821F300CD7E52 /* Resources */,
			);
			buildRules = (
			);
			dependencies = (
				20E542B62BE821F300CD7E52 /* PBXTargetDependency */,
			);
			name = NewDragDropTests;
			productName = NewDragDropTests;
			productReference = 20E542B42BE821F300CD7E52 /* NewDragDropTests.xctest */;
			productType = "com.apple.product-type.bundle.unit-test";
		};
		20E542BD2BE821F300CD7E52 /* NewDragDropUITests */ = {
			isa = PBXNativeTarget;
			buildConfigurationList = 20E542CE2BE821F300CD7E52 /* Build configuration list for PBXNativeTarget "NewDragDropUITests" */;
			buildPhases = (
				20E542BA2BE821F300CD7E52 /* Sources */,
				20E542BB2BE821F300CD7E52 /* Frameworks */,
				20E542BC2BE821F300CD7E52 /* Resources */,
			);
			buildRules = (
			);
			dependencies = (
				20E542C02BE821F300CD7E52 /* PBXTargetDependency */,
			);
			name = NewDragDropUITests;
			productName = NewDragDropUITests;
			productReference = 20E542BE2BE821F300CD7E52 /* NewDragDropUITests.xctest */;
			productType = "com.apple.product-type.bundle.ui-testing";
		};
/* End PBXNativeTarget section */

/* Begin PBXProject section */
		20E5429B2BE821F200CD7E52 /* Project object */ = {
			isa = PBXProject;
			attributes = {
				BuildIndependentTargetsInParallel = 1;
				LastSwiftUpdateCheck = 1510;
				LastUpgradeCheck = 1510;
				TargetAttributes = {
					20E542A22BE821F200CD7E52 = {
						CreatedOnToolsVersion = 15.1;
					};
					20E542B32BE821F300CD7E52 = {
						CreatedOnToolsVersion = 15.1;
						TestTargetID = 20E542A22BE821F200CD7E52;
					};
					20E542BD2BE821F300CD7E52 = {
						CreatedOnToolsVersion = 15.1;
						TestTargetID = 20E542A22BE821F200CD7E52;
					};
				};
			};
			buildConfigurationList = 20E5429E2BE821F200CD7E52 /* Build configuration list for PBXProject "NewDragDrop" */;
			compatibilityVersion = "Xcode 14.0";
			developmentRegion = en;
			hasScannedForEncodings = 0;
			knownRegions = (
				en,
				Base,
			);
			mainGroup = 20E5429A2BE821F200CD7E52;
			productRefGroup = 20E542A42BE821F200CD7E52 /* Products */;
			projectDirPath = "";
			projectRoot = "";
			targets = (
				20E542A22BE821F200CD7E52 /* NewDragDrop */,
				20E542B32BE821F300CD7E52 /* NewDragDropTests */,
				20E542BD2BE821F300CD7E52 /* NewDragDropUITests */,
			);
		};
/* End PBXProject section */

/* Begin PBXResourcesBuildPhase section */
		20E542A12BE821F200CD7E52 /* Resources */ = {
			isa = PBXResourcesBuildPhase;
			buildActionMask = 2147483647;
			files = (
				20E542AF2BE821F300CD7E52 /* Preview Assets.xcassets in Resources */,
				20E542AB2BE821F300CD7E52 /* Assets.xcassets in Resources */,
			);
			runOnlyForDeploymentPostprocessing = 0;
		};
		20E542B22BE821F300CD7E52 /* Resources */ = {
			isa = PBXResourcesBuildPhase;
			buildActionMask = 2147483647;
			files = (
			);
			runOnlyForDeploymentPostprocessing = 0;
		};
		20E542BC2BE821F300CD7E52 /* Resources */ = {
			isa = PBXResourcesBuildPhase;
			buildActionMask = 2147483647;
			files = (
			);
			runOnlyForDeploymentPostprocessing = 0;
		};
/* End PBXResourcesBuildPhase section */

/* Begin PBXSourcesBuildPhase section */
		20E5429F2BE821F200CD7E52 /* Sources */ = {
			isa = PBXSourcesBuildPhase;
			buildActionMask = 2147483647;
			files = (
				20E542A92BE821F200CD7E52 /* ContentView.swift in Sources */,
				20E542A72BE821F200CD7E52 /* NewDragDropApp.swift in Sources */,
			);
			runOnlyForDeploymentPostprocessing = 0;
		};
		20E542B02BE821F300CD7E52 /* Sources */ = {
			isa = PBXSourcesBuildPhase;
			buildActionMask = 2147483647;
			files = (
				20E542B92BE821F300CD7E52 /* NewDragDropTests.swift in Sources */,
			);
			runOnlyForDeploymentPostprocessing = 0;
		};
		20E542BA2BE821F300CD7E52 /* Sources */ = {
			isa = PBXSourcesBuildPhase;
			buildActionMask = 2147483647;
			files = (
				20E542C52BE821F300CD7E52 /* NewDragDropUITestsLaunchTests.swift in Sources */,
				20E542C32BE821F300CD7E52 /* NewDragDropUITests.swift in Sources */,
			);
			runOnlyForDeploymentPostprocessing = 0;
		};
/* End PBXSourcesBuildPhase section */

/* Begin PBXTargetDependency section */
		20E542B62BE821F300CD7E52 /* PBXTargetDependency */ = {
			isa = PBXTargetDependency;
			target = 20E542A22BE821F200CD7E52 /* NewDragDrop */;
			targetProxy = 20E542B52BE821F300CD7E52 /* PBXContainerItemProxy */;
		};
		20E542C02BE821F300CD7E52 /* PBXTargetDependency */ = {
			isa = PBXTargetDependency;
			target = 20E542A22BE821F200CD7E52 /* NewDragDrop */;
			targetProxy = 20E542BF2BE821F300CD7E52 /* PBXContainerItemProxy */;
		};
/* End PBXTargetDependency section */

/* Begin XCBuildConfiguration section */
		20E542C62BE821F300CD7E52 /* Debug */ = {
			isa = XCBuildConfiguration;
			buildSettings = {
				ALWAYS_SEARCH_USER_PATHS = NO;
				ASSETCATALOG_COMPILER_GENERATE_SWIFT_ASSET_SYMBOL_EXTENSIONS = YES;
				CLANG_ANALYZER_NONNULL = YES;
				CLANG_ANALYZER_NUMBER_OBJECT_CONVERSION = YES_AGGRESSIVE;
				CLANG_CXX_LANGUAGE_STANDARD = "gnu++20";
				CLANG_ENABLE_MODULES = YES;
				CLANG_ENABLE_OBJC_ARC = YES;
				CLANG_ENABLE_OBJC_WEAK = YES;
				CLANG_WARN_BLOCK_CAPTURE_AUTORELEASING = YES;
				CLANG_WARN_BOOL_CONVERSION = YES;
				CLANG_WARN_COMMA = YES;
				CLANG_WARN_CONSTANT_CONVERSION = YES;
				CLANG_WARN_DEPRECATED_OBJC_IMPLEMENTATIONS = YES;
				CLANG_WARN_DIRECT_OBJC_ISA_USAGE = YES_ERROR;
				CLANG_WARN_DOCUMENTATION_COMMENTS = YES;
				CLANG_WARN_EMPTY_BODY = YES;
				CLANG_WARN_ENUM_CONVERSION = YES;
				CLANG_WARN_INFINITE_RECURSION = YES;
				CLANG_WARN_INT_CONVERSION = YES;
				CLANG_WARN_NON_LITERAL_NULL_CONVERSION = YES;
				CLANG_WARN_OBJC_IMPLICIT_RETAIN_SELF = YES;
				CLANG_WARN_OBJC_LITERAL_CONVERSION = YES;
				CLANG_WARN_OBJC_ROOT_CLASS = YES_ERROR;
				CLANG_WARN_QUOTED_INCLUDE_IN_FRAMEWORK_HEADER = YES;
				CLANG_WARN_RANGE_LOOP_ANALYSIS = YES;
				CLANG_WARN_STRICT_PROTOTYPES = YES;
				CLANG_WARN_SUSPICIOUS_MOVE = YES;
				CLANG_WARN_UNGUARDED_AVAILABILITY = YES_AGGRESSIVE;
				CLANG_WARN_UNREACHABLE_CODE = YES;
				CLANG_WARN__DUPLICATE_METHOD_MATCH = YES;
				COPY_PHASE_STRIP = NO;
				DEBUG_INFORMATION_FORMAT = dwarf;
				ENABLE_STRICT_OBJC_MSGSEND = YES;
				ENABLE_TESTABILITY = YES;
				ENABLE_USER_SCRIPT_SANDBOXING = YES;
				GCC_C_LANGUAGE_STANDARD = gnu17;
				GCC_DYNAMIC_NO_PIC = NO;
				GCC_NO_COMMON_BLOCKS = YES;
				GCC_OPTIMIZATION_LEVEL = 0;
				GCC_PREPROCESSOR_DEFINITIONS = (
					"DEBUG=1",
					"$(inherited)",
				);
				GCC_WARN_64_TO_32_BIT_CONVERSION = YES;
				GCC_WARN_ABOUT_RETURN_TYPE = YES_ERROR;
				GCC_WARN_UNDECLARED_SELECTOR = YES;
				GCC_WARN_UNINITIALIZED_AUTOS = YES_AGGRESSIVE;
				GCC_WARN_UNUSED_FUNCTION = YES;
				GCC_WARN_UNUSED_VARIABLE = YES;
				LOCALIZATION_PREFERS_STRING_CATALOGS = YES;
				MTL_ENABLE_DEBUG_INFO = INCLUDE_SOURCE;
				MTL_FAST_MATH = YES;
				ONLY_ACTIVE_ARCH = YES;
				SWIFT_ACTIVE_COMPILATION_CONDITIONS = "DEBUG $(inherited)";
				SWIFT_OPTIMIZATION_LEVEL = "-Onone";
			};
			name = Debug;
		};
		20E542C72BE821F300CD7E52 /* Release */ = {
			isa = XCBuildConfiguration;
			buildSettings = {
				ALWAYS_SEARCH_USER_PATHS = NO;
				ASSETCATALOG_COMPILER_GENERATE_SWIFT_ASSET_SYMBOL_EXTENSIONS = YES;
				CLANG_ANALYZER_NONNULL = YES;
				CLANG_ANALYZER_NUMBER_OBJECT_CONVERSION = YES_AGGRESSIVE;
				CLANG_CXX_LANGUAGE_STANDARD = "gnu++20";
				CLANG_ENABLE_MODULES = YES;
				CLANG_ENABLE_OBJC_ARC = YES;
				CLANG_ENABLE_OBJC_WEAK = YES;
				CLANG_WARN_BLOCK_CAPTURE_AUTORELEASING = YES;
				CLANG_WARN_BOOL_CONVERSION = YES;
				CLANG_WARN_COMMA = YES;
				CLANG_WARN_CONSTANT_CONVERSION = YES;
				CLANG_WARN_DEPRECATED_OBJC_IMPLEMENTATIONS = YES;
				CLANG_WARN_DIRECT_OBJC_ISA_USAGE = YES_ERROR;
				CLANG_WARN_DOCUMENTATION_COMMENTS = YES;
				CLANG_WARN_EMPTY_BODY = YES;
				CLANG_WARN_ENUM_CONVERSION = YES;
				CLANG_WARN_INFINITE_RECURSION = YES;
				CLANG_WARN_INT_CONVERSION = YES;
				CLANG_WARN_NON_LITERAL_NULL_CONVERSION = YES;
				CLANG_WARN_OBJC_IMPLICIT_RETAIN_SELF = YES;
				CLANG_WARN_OBJC_LITERAL_CONVERSION = YES;
				CLANG_WARN_OBJC_ROOT_CLASS = YES_ERROR;
				CLANG_WARN_QUOTED_INCLUDE_IN_FRAMEWORK_HEADER = YES;
				CLANG_WARN_RANGE_LOOP_ANALYSIS = YES;
				CLANG_WARN_STRICT_PROTOTYPES = YES;
				CLANG_WARN_SUSPICIOUS_MOVE = YES;
				CLANG_WARN_UNGUARDED_AVAILABILITY = YES_AGGRESSIVE;
				CLANG_WARN_UNREACHABLE_CODE = YES;
				CLANG_WARN__DUPLICATE_METHOD_MATCH = YES;
				COPY_PHASE_STRIP = NO;
				DEBUG_INFORMATION_FORMAT = "dwarf-with-dsym";
				ENABLE_NS_ASSERTIONS = NO;
				ENABLE_STRICT_OBJC_MSGSEND = YES;
				ENABLE_USER_SCRIPT_SANDBOXING = YES;
				GCC_C_LANGUAGE_STANDARD = gnu17;
				GCC_NO_COMMON_BLOCKS = YES;
				GCC_WARN_64_TO_32_BIT_CONVERSION = YES;
				GCC_WARN_ABOUT_RETURN_TYPE = YES_ERROR;
				GCC_WARN_UNDECLARED_SELECTOR = YES;
				GCC_WARN_UNINITIALIZED_AUTOS = YES_AGGRESSIVE;
				GCC_WARN_UNUSED_FUNCTION = YES;
				GCC_WARN_UNUSED_VARIABLE = YES;
				LOCALIZATION_PREFERS_STRING_CATALOGS = YES;
				MTL_ENABLE_DEBUG_INFO = NO;
				MTL_FAST_MATH = YES;
				SWIFT_COMPILATION_MODE = wholemodule;
			};
			name = Release;
		};
		20E542C92BE821F300CD7E52 /* Debug */ = {
			isa = XCBuildConfiguration;
			buildSettings = {
				ASSETCATALOG_COMPILER_APPICON_NAME = AppIcon;
				ASSETCATALOG_COMPILER_GLOBAL_ACCENT_COLOR_NAME = AccentColor;
				CODE_SIGN_ENTITLEMENTS = NewDragDrop/NewDragDrop.entitlements;
				CODE_SIGN_STYLE = Automatic;
				CURRENT_PROJECT_VERSION = 1;
				DEVELOPMENT_ASSET_PATHS = "\"NewDragDrop/Preview Content\"";
				DEVELOPMENT_TEAM = 7388M238KP;
				ENABLE_HARDENED_RUNTIME = YES;
				ENABLE_PREVIEWS = YES;
				GENERATE_INFOPLIST_FILE = YES;
				"INFOPLIST_KEY_UIApplicationSceneManifest_Generation[sdk=iphoneos*]" = YES;
				"INFOPLIST_KEY_UIApplicationSceneManifest_Generation[sdk=iphonesimulator*]" = YES;
				"INFOPLIST_KEY_UIApplicationSupportsIndirectInputEvents[sdk=iphoneos*]" = YES;
				"INFOPLIST_KEY_UIApplicationSupportsIndirectInputEvents[sdk=iphonesimulator*]" = YES;
				"INFOPLIST_KEY_UILaunchScreen_Generation[sdk=iphoneos*]" = YES;
				"INFOPLIST_KEY_UILaunchScreen_Generation[sdk=iphonesimulator*]" = YES;
				"INFOPLIST_KEY_UIStatusBarStyle[sdk=iphoneos*]" = UIStatusBarStyleDefault;
				"INFOPLIST_KEY_UIStatusBarStyle[sdk=iphonesimulator*]" = UIStatusBarStyleDefault;
				INFOPLIST_KEY_UISupportedInterfaceOrientations_iPad = "UIInterfaceOrientationPortrait UIInterfaceOrientationPortraitUpsideDown UIInterfaceOrientationLandscapeLeft UIInterfaceOrientationLandscapeRight";
				INFOPLIST_KEY_UISupportedInterfaceOrientations_iPhone = "UIInterfaceOrientationPortrait UIInterfaceOrientationLandscapeLeft UIInterfaceOrientationLandscapeRight";
				IPHONEOS_DEPLOYMENT_TARGET = 17.2;
				LD_RUNPATH_SEARCH_PATHS = "@executable_path/Frameworks";
				"LD_RUNPATH_SEARCH_PATHS[sdk=macosx*]" = "@executable_path/../Frameworks";
				MACOSX_DEPLOYMENT_TARGET = 14.2;
				MARKETING_VERSION = 1.0;
				PRODUCT_BUNDLE_IDENTIFIER = com.ctr119.NewDragDrop;
				PRODUCT_NAME = "$(TARGET_NAME)";
				SDKROOT = auto;
				SUPPORTED_PLATFORMS = "iphoneos iphonesimulator macosx";
				SWIFT_EMIT_LOC_STRINGS = YES;
				SWIFT_VERSION = 5.0;
				TARGETED_DEVICE_FAMILY = "1,2";
			};
			name = Debug;
		};
		20E542CA2BE821F300CD7E52 /* Release */ = {
			isa = XCBuildConfiguration;
			buildSettings = {
				ASSETCATALOG_COMPILER_APPICON_NAME = AppIcon;
				ASSETCATALOG_COMPILER_GLOBAL_ACCENT_COLOR_NAME = AccentColor;
				CODE_SIGN_ENTITLEMENTS = NewDragDrop/NewDragDrop.entitlements;
				CODE_SIGN_STYLE = Automatic;
				CURRENT_PROJECT_VERSION = 1;
				DEVELOPMENT_ASSET_PATHS = "\"NewDragDrop/Preview Content\"";
				DEVELOPMENT_TEAM = 7388M238KP;
				ENABLE_HARDENED_RUNTIME = YES;
				ENABLE_PREVIEWS = YES;
				GENERATE_INFOPLIST_FILE = YES;
				"INFOPLIST_KEY_UIApplicationSceneManifest_Generation[sdk=iphoneos*]" = YES;
				"INFOPLIST_KEY_UIApplicationSceneManifest_Generation[sdk=iphonesimulator*]" = YES;
				"INFOPLIST_KEY_UIApplicationSupportsIndirectInputEvents[sdk=iphoneos*]" = YES;
				"INFOPLIST_KEY_UIApplicationSupportsIndirectInputEvents[sdk=iphonesimulator*]" = YES;
				"INFOPLIST_KEY_UILaunchScreen_Generation[sdk=iphoneos*]" = YES;
				"INFOPLIST_KEY_UILaunchScreen_Generation[sdk=iphonesimulator*]" = YES;
				"INFOPLIST_KEY_UIStatusBarStyle[sdk=iphoneos*]" = UIStatusBarStyleDefault;
				"INFOPLIST_KEY_UIStatusBarStyle[sdk=iphonesimulator*]" = UIStatusBarStyleDefault;
				INFOPLIST_KEY_UISupportedInterfaceOrientations_iPad = "UIInterfaceOrientationPortrait UIInterfaceOrientationPortraitUpsideDown UIInterfaceOrientationLandscapeLeft UIInterfaceOrientationLandscapeRight";
				INFOPLIST_KEY_UISupportedInterfaceOrientations_iPhone = "UIInterfaceOrientationPortrait UIInterfaceOrientationLandscapeLeft UIInterfaceOrientationLandscapeRight";
				IPHONEOS_DEPLOYMENT_TARGET = 17.2;
				LD_RUNPATH_SEARCH_PATHS = "@executable_path/Frameworks";
				"LD_RUNPATH_SEARCH_PATHS[sdk=macosx*]" = "@executable_path/../Frameworks";
				MACOSX_DEPLOYMENT_TARGET = 14.2;
				MARKETING_VERSION = 1.0;
				PRODUCT_BUNDLE_IDENTIFIER = com.ctr119.NewDragDrop;
				PRODUCT_NAME = "$(TARGET_NAME)";
				SDKROOT = auto;
				SUPPORTED_PLATFORMS = "iphoneos iphonesimulator macosx";
				SWIFT_EMIT_LOC_STRINGS = YES;
				SWIFT_VERSION = 5.0;
				TARGETED_DEVICE_FAMILY = "1,2";
			};
			name = Release;
		};
		20E542CC2BE821F300CD7E52 /* Debug */ = {
			isa = XCBuildConfiguration;
			buildSettings = {
				ALWAYS_EMBED_SWIFT_STANDARD_LIBRARIES = YES;
				BUNDLE_LOADER = "$(TEST_HOST)";
				CODE_SIGN_STYLE = Automatic;
				CURRENT_PROJECT_VERSION = 1;
				DEVELOPMENT_TEAM = 7388M238KP;
				GENERATE_INFOPLIST_FILE = YES;
				IPHONEOS_DEPLOYMENT_TARGET = 17.2;
				MACOSX_DEPLOYMENT_TARGET = 14.2;
				MARKETING_VERSION = 1.0;
				PRODUCT_BUNDLE_IDENTIFIER = com.ctr119.NewDragDropTests;
				PRODUCT_NAME = "$(TARGET_NAME)";
				SDKROOT = auto;
				SUPPORTED_PLATFORMS = "iphoneos iphonesimulator macosx";
				SWIFT_EMIT_LOC_STRINGS = NO;
				SWIFT_VERSION = 5.0;
				TARGETED_DEVICE_FAMILY = "1,2";
				TEST_HOST = "$(BUILT_PRODUCTS_DIR)/NewDragDrop.app/$(BUNDLE_EXECUTABLE_FOLDER_PATH)/NewDragDrop";
			};
			name = Debug;
		};
		20E542CD2BE821F300CD7E52 /* Release */ = {
			isa = XCBuildConfiguration;
			buildSettings = {
				ALWAYS_EMBED_SWIFT_STANDARD_LIBRARIES = YES;
				BUNDLE_LOADER = "$(TEST_HOST)";
				CODE_SIGN_STYLE = Automatic;
				CURRENT_PROJECT_VERSION = 1;
				DEVELOPMENT_TEAM = 7388M238KP;
				GENERATE_INFOPLIST_FILE = YES;
				IPHONEOS_DEPLOYMENT_TARGET = 17.2;
				MACOSX_DEPLOYMENT_TARGET = 14.2;
				MARKETING_VERSION = 1.0;
				PRODUCT_BUNDLE_IDENTIFIER = com.ctr119.NewDragDropTests;
				PRODUCT_NAME = "$(TARGET_NAME)";
				SDKROOT = auto;
				SUPPORTED_PLATFORMS = "iphoneos iphonesimulator macosx";
				SWIFT_EMIT_LOC_STRINGS = NO;
				SWIFT_VERSION = 5.0;
				TARGETED_DEVICE_FAMILY = "1,2";
				TEST_HOST = "$(BUILT_PRODUCTS_DIR)/NewDragDrop.app/$(BUNDLE_EXECUTABLE_FOLDER_PATH)/NewDragDrop";
			};
			name = Release;
		};
		20E542CF2BE821F300CD7E52 /* Debug */ = {
			isa = XCBuildConfiguration;
			buildSettings = {
				ALWAYS_EMBED_SWIFT_STANDARD_LIBRARIES = YES;
				CODE_SIGN_STYLE = Automatic;
				CURRENT_PROJECT_VERSION = 1;
				DEVELOPMENT_TEAM = 7388M238KP;
				GENERATE_INFOPLIST_FILE = YES;
				IPHONEOS_DEPLOYMENT_TARGET = 17.2;
				MACOSX_DEPLOYMENT_TARGET = 14.2;
				MARKETING_VERSION = 1.0;
				PRODUCT_BUNDLE_IDENTIFIER = com.ctr119.NewDragDropUITests;
				PRODUCT_NAME = "$(TARGET_NAME)";
				SDKROOT = auto;
				SUPPORTED_PLATFORMS = "iphoneos iphonesimulator macosx";
				SWIFT_EMIT_LOC_STRINGS = NO;
				SWIFT_VERSION = 5.0;
				TARGETED_DEVICE_FAMILY = "1,2";
				TEST_TARGET_NAME = NewDragDrop;
			};
			name = Debug;
		};
		20E542D02BE821F300CD7E52 /* Release */ = {
			isa = XCBuildConfiguration;
			buildSettings = {
				ALWAYS_EMBED_SWIFT_STANDARD_LIBRARIES = YES;
				CODE_SIGN_STYLE = Automatic;
				CURRENT_PROJECT_VERSION = 1;
				DEVELOPMENT_TEAM = 7388M238KP;
				GENERATE_INFOPLIST_FILE = YES;
				IPHONEOS_DEPLOYMENT_TARGET = 17.2;
				MACOSX_DEPLOYMENT_TARGET = 14.2;
				MARKETING_VERSION = 1.0;
				PRODUCT_BUNDLE_IDENTIFIER = com.ctr119.NewDragDropUITests;
				PRODUCT_NAME = "$(TARGET_NAME)";
				SDKROOT = auto;
				SUPPORTED_PLATFORMS = "iphoneos iphonesimulator macosx";
				SWIFT_EMIT_LOC_STRINGS = NO;
				SWIFT_VERSION = 5.0;
				TARGETED_DEVICE_FAMILY = "1,2";
				TEST_TARGET_NAME = NewDragDrop;
			};
			name = Release;
		};
/* End XCBuildConfiguration section */

/* Begin XCConfigurationList section */
		20E5429E2BE821F200CD7E52 /* Build configuration list for PBXProject "NewDragDrop" */ = {
			isa = XCConfigurationList;
			buildConfigurations = (
				20E542C62BE821F300CD7E52 /* Debug */,
				20E542C72BE821F300CD7E52 /* Release */,
			);
			defaultConfigurationIsVisible = 0;
			defaultConfigurationName = Release;
		};
		20E542C82BE821F300CD7E52 /* Build configuration list for PBXNativeTarget "NewDragDrop" */ = {
			isa = XCConfigurationList;
			buildConfigurations = (
				20E542C92BE821F300CD7E52 /* Debug */,
				20E542CA2BE821F300CD7E52 /* Release */,
			);
			defaultConfigurationIsVisible = 0;
			defaultConfigurationName = Release;
		};
		20E542CB2BE821F300CD7E52 /* Build configuration list for PBXNativeTarget "NewDragDropTests" */ = {
			isa = XCConfigurationList;
			buildConfigurations = (
				20E542CC2BE821F300CD7E52 /* Debug */,
				20E542CD2BE821F300CD7E52 /* Release */,
			);
			defaultConfigurationIsVisible = 0;
			defaultConfigurationName = Release;
		};
		20E542CE2BE821F300CD7E52 /* Build configuration list for PBXNativeTarget "NewDragDropUITests" */ = {
			isa = XCConfigurationList;
			buildConfigurations = (
				20E542CF2BE821F300CD7E52 /* Debug */,
				20E542D02BE821F300CD7E52 /* Release */,
			);
			defaultConfigurationIsVisible = 0;
			defaultConfigurationName = Release;
		};
/* End XCConfigurationList section */
	};
	rootObject = 20E5429B2BE821F200CD7E52 /* Project object */;
}
